{
  "nodes": {
    "flake-compat": {
      "flake": false,
      "locked": {
        "lastModified": 1673956053,
        "narHash": "sha256-4gtG9iQuiKITOjNQQeQIpoIB6b16fm+504Ch3sNKLd8=",
        "owner": "edolstra",
        "repo": "flake-compat",
        "rev": "35bb57c0c8d8b62bbfd284272c928ceb64ddbde9",
        "type": "github"
      },
      "original": {
        "owner": "edolstra",
        "repo": "flake-compat",
        "type": "github"
      }
    },
    "flake-utils": {
      "locked": {
        "lastModified": 1678901627,
        "narHash": "sha256-U02riOqrKKzwjsxc/400XnElV+UtPUQWpANPlyazjH0=",
        "owner": "numtide",
        "repo": "flake-utils",
        "rev": "93a2b84fc4b70d9e089d029deacc3583435c2ed6",
        "type": "github"
      },
      "original": {
        "id": "flake-utils",
        "type": "indirect"
      }
    },
    "home-manager": {
      "inputs": {
        "nixpkgs": [
          "nixpkgs"
        ],
        "utils": "utils"
      },
      "locked": {
        "lastModified": 1680597706,
        "narHash": "sha256-ZqJ3T+BxzjPH9TnmeUwS4Uu9ZQPeBXAFC9sUWlharT4=",
        "owner": "nix-community",
        "repo": "home-manager",
        "rev": "ec06f419af79207b33d797064dfb3fc9dbe1df4a",
        "type": "github"
      },
      "original": {
        "owner": "nix-community",
        "repo": "home-manager",
        "type": "github"
      }
    },
    "nixos-hardware": {
      "locked": {
        "lastModified": 1680070330,
        "narHash": "sha256-aoT2YZCd9LEtiEULFLIF0ykKydgE72X8gw/k9/pRS5I=",
        "owner": "NixOS",
        "repo": "nixos-hardware",
        "rev": "a6aa8174fa61e55bd7e62d35464d3092aefe0421",
        "type": "github"
      },
      "original": {
        "owner": "NixOS",
        "ref": "master",
        "repo": "nixos-hardware",
        "type": "github"
      }
    },
    "nixpkgs": {
      "locked": {
        "lastModified": 1680487167,
        "narHash": "sha256-9FNIqrxDZgSliGGN2XJJSvcDYmQbgOANaZA4UWnTdg4=",
        "owner": "NixOS",
        "repo": "nixpkgs",
        "rev": "53dad94e874c9586e71decf82d972dfb640ef044",
        "type": "github"
      },
      "original": {
        "owner": "NixOS",
        "ref": "nixos-unstable",
        "repo": "nixpkgs",
        "type": "github"
      }
    },
    "nurl": {
      "inputs": {
        "nixpkgs": [
          "nixpkgs"
        ]
      },
      "locked": {
        "lastModified": 1680539429,
        "narHash": "sha256-+tGI3/XjPcHFEq/LiPlzpZWfJ6kE8AZB4szQnqxepII=",
        "owner": "nix-community",
        "repo": "nurl",
        "rev": "f888dff863d3ae813388f97dfb48ddf4b26cca73",
        "type": "github"
      },
      "original": {
        "owner": "nix-community",
        "repo": "nurl",
        "type": "github"
      }
    },
    "passwords": {
      "flake": false,
      "locked": {
        "narHash": "sha256-efxsjpeoUNQfW1tvUoobuwWYKVhP2FuOELq+NvGdRUA=",
        "path": "/etc/nixos/secrets/passwords.nix",
        "type": "path"
      },
      "original": {
        "path": "/etc/nixos/secrets/passwords.nix",
        "type": "path"
      }
    },
    "root": {
      "inputs": {
        "flake-utils": "flake-utils",
        "home-manager": "home-manager",
        "nixos-hardware": "nixos-hardware",
        "nixpkgs": "nixpkgs",
        "nurl": "nurl",
        "passwords": "passwords",
        "utils": "utils_2",
        "vscode-server": "vscode-server",
        "wsl": "wsl"
      }
    },
    "utils": {
      "locked": {
        "lastModified": 1678901627,
        "narHash": "sha256-U02riOqrKKzwjsxc/400XnElV+UtPUQWpANPlyazjH0=",
        "owner": "numtide",
        "repo": "flake-utils",
        "rev": "93a2b84fc4b70d9e089d029deacc3583435c2ed6",
        "type": "github"
      },
      "original": {
        "owner": "numtide",
        "repo": "flake-utils",
        "type": "github"
      }
    },
    "utils_2": {
      "locked": {
        "lastModified": 1678901627,
        "narHash": "sha256-U02riOqrKKzwjsxc/400XnElV+UtPUQWpANPlyazjH0=",
        "owner": "numtide",
        "repo": "flake-utils",
        "rev": "93a2b84fc4b70d9e089d029deacc3583435c2ed6",
        "type": "github"
      },
      "original": {
        "owner": "numtide",
        "repo": "flake-utils",
        "type": "github"
      }
    },
    "vscode-server": {
      "inputs": {
        "nixpkgs": [
          "nixpkgs"
        ]
      },
      "locked": {
        "lastModified": 1676501444,
        "narHash": "sha256-H+uQetkzd5GIga56HmCDwl5eihdQgeN2jVdNrkXzDyo=",
        "owner": "msteen",
        "repo": "nixos-vscode-server",
        "rev": "57f1716bc625d2892579294cc207956679e3d94c",
        "type": "github"
      },
      "original": {
        "owner": "msteen",
        "repo": "nixos-vscode-server",
        "type": "github"
      }
    },
    "wsl": {
      "inputs": {
        "flake-compat": "flake-compat",
        "flake-utils": [
          "utils"
        ],
        "nixpkgs": [
          "nixpkgs"
        ]
      },
      "locked": {
        "lastModified": 1680542705,
        "narHash": "sha256-PBxB4VDO0sG0mW/xRtyoWaX+VvtC6N58kosSGvNB8NQ=",
        "owner": "nix-community",
        "repo": "NixOS-WSL",
        "rev": "900bcf15600b841362f9549a5714922e029d8aef",
        "type": "github"
      },
      "original": {
        "owner": "nix-community",
        "repo": "NixOS-WSL",
        "type": "github"
      }
    }
  },
  "root": "root",
  "version": 7
}
