{
  "nodes": {
    "agenix": {
      "inputs": {
        "nixpkgs": "nixpkgs"
      },
      "locked": {
        "lastModified": 1790734419,
        "narHash": "sha256-n7wew722m1OTBT9DOIMxNX/NF4zfsSUABAO5eW3wikE=",
        "owner": "ryantm",
        "repo": "agenix",
        "rev": "3daa710894355fa2fad8243380af373a2b4046ef",
        "type": "github"
      },
      "original": {
        "owner": "ryantm",
        "repo": "agenix",
        "type": "github"
      }
    },
    "bun2nix": {
      "inputs": {
        "flake-parts": [
          "llm-agents",
          "flake-parts"
        ],
        "nixpkgs": [
          "llm-agents",
          "nixpkgs"
        ],
        "systems": [
          "llm-agents",
          "systems"
        ],
        "treefmt-nix": [
          "llm-agents",
          "treefmt-nix"
        ]
      },
      "locked": {
        "lastModified": 1790001035,
        "narHash": "sha256-1/SLBjSYBzDdDhvLQ83wrzBakyS/xNGgtxHGNuveOEQ=",
        "owner": "Mic92",
        "repo": "bun2nix",
        "rev": "07a5bfc8ac36c5370199343fa620b69f63186e33",
        "type": "github"
      },
      "original": {
        "owner": "Mic92",
        "ref": "llm-agents",
        "repo": "bun2nix",
        "type": "github"
      }
    },
    "catppuccin": {
      "inputs": {
        "nixpkgs": "nixpkgs_2"
      },
      "locked": {
        "lastModified": 1789553013,
        "narHash": "sha256-W5dvgFOuVs24X3G5tUb8C2IHU7ICXNvyGPiWWFjfbuo=",
        "owner": "catppuccin",
        "repo": "nix",
        "rev": "89b3eacf59d6b5eefbc2d69c3a4eb5aaf66d63bc",
        "type": "github"
      },
      "original": {
        "owner": "catppuccin",
        "repo": "nix",
        "type": "github"
      }
    },
    "crane": {
      "locked": {
        "lastModified": 1789760033,
        "narHash": "sha256-jtT4yxZpR8seYnlCMMWSSPlFN92zO6ICuZ8pJrmi86k=",
        "owner": "ipetkov",
        "repo": "crane",
        "rev": "73b980519cefc727a5f6cc8e5c0947a2f9be6edd",
        "type": "github"
      },
      "original": {
        "owner": "ipetkov",
        "repo": "crane",
        "type": "github"
      }
    },
    "crane_2": {
      "flake": false,
      "locked": {
        "lastModified": 1727316705,
        "narHash": "sha256-/mumx8AQ5xFuCJqxCIOFCHTVlxHkMT21idpbgbm/TIE=",
        "owner": "ipetkov",
        "repo": "crane",
        "rev": "5b03654ce046b5167e7b0bccbd8244cb56c16f0e",
        "type": "github"
      },
      "original": {
        "owner": "ipetkov",
        "ref": "v0.19.0",
        "repo": "crane",
        "type": "github"
      }
    },
    "crane_3": {
      "locked": {
        "lastModified": 1774313767,
        "narHash": "sha256-hy0XTQND6avzGEUFrJtYBBpFa/POiiaGBr2vpU6Y9tY=",
        "owner": "ipetkov",
        "repo": "crane",
        "rev": "3d9df76e29656c679c744968b17fbaf28f0e923d",
        "type": "github"
      },
      "original": {
        "owner": "ipetkov",
        "repo": "crane",
        "type": "github"
      }
    },
    "dream2nix": {
      "inputs": {
        "nixpkgs": [
          "nix-inspect",
          "nci",
          "nixpkgs"
        ],
        "purescript-overlay": "purescript-overlay",
        "pyproject-nix": "pyproject-nix"
      },
      "locked": {
        "lastModified": 1732214960,
        "narHash": "sha256-ViyEMSYwaza6y55XTDrsRi2K4YKCLsefMTorjWSE27s=",
        "owner": "nix-community",
        "repo": "dream2nix",
        "rev": "a8dac99db44307fdecead13a39c584b97812d0d4",
        "type": "github"
      },
      "original": {
        "owner": "nix-community",
        "repo": "dream2nix",
        "type": "github"
      }
    },
    "flake-compat": {
      "flake": false,
      "locked": {
        "lastModified": 1687265871,
        "narHash": "sha256-P8AOiQk/XN8/ia4289hDHlTfWB70cRQ5pc9GRfmEdpc=",
        "owner": "inclyc",
        "repo": "flake-compat",
        "rev": "70e56389c58bbd300d11778913b255477ebbae22",
        "type": "github"
      },
      "original": {
        "owner": "inclyc",
        "repo": "flake-compat",
        "type": "github"
      }
    },
    "flake-compat_2": {
      "flake": false,
      "locked": {
        "lastModified": 1767039857,
        "narHash": "sha256-vNpUSpF5Nuw8xvDLj2KCwwksIbjua2LZCqhV1LNRDns=",
        "owner": "edolstra",
        "repo": "flake-compat",
        "rev": "5edf11c44bc78a0d334f6334cdaf7d60d732daab",
        "type": "github"
      },
      "original": {
        "owner": "edolstra",
        "repo": "flake-compat",
        "type": "github"
      }
    },
    "flake-compat_3": {
      "flake": false,
      "locked": {
        "lastModified": 1767039857,
        "narHash": "sha256-vNpUSpF5Nuw8xvDLj2KCwwksIbjua2LZCqhV1LNRDns=",
        "owner": "NixOS",
        "repo": "flake-compat",
        "rev": "5edf11c44bc78a0d334f6334cdaf7d60d732daab",
        "type": "github"
      },
      "original": {
        "owner": "NixOS",
        "repo": "flake-compat",
        "type": "github"
      }
    },
    "flake-compat_4": {
      "flake": false,
      "locked": {
        "lastModified": 1696426674,
        "narHash": "sha256-kvjfFW7WAETZlt09AgDn1MrtKzP7t90Vf7vypd3OL1U=",
        "owner": "edolstra",
        "repo": "flake-compat",
        "rev": "0f9255e01c2351cc7d116c072cb317785dd33b33",
        "type": "github"
      },
      "original": {
        "owner": "edolstra",
        "repo": "flake-compat",
        "type": "github"
      }
    },
    "flake-compat_5": {
      "flake": false,
      "locked": {
        "lastModified": 1767039857,
        "narHash": "sha256-vNpUSpF5Nuw8xvDLj2KCwwksIbjua2LZCqhV1LNRDns=",
        "owner": "edolstra",
        "repo": "flake-compat",
        "rev": "5edf11c44bc78a0d334f6334cdaf7d60d732daab",
        "type": "github"
      },
      "original": {
        "owner": "edolstra",
        "repo": "flake-compat",
        "type": "github"
      }
    },
    "flake-compat_6": {
      "flake": false,
      "locked": {
        "lastModified": 1767039857,
        "narHash": "sha256-vNpUSpF5Nuw8xvDLj2KCwwksIbjua2LZCqhV1LNRDns=",
        "owner": "edolstra",
        "repo": "flake-compat",
        "rev": "5edf11c44bc78a0d334f6334cdaf7d60d732daab",
        "type": "github"
      },
      "original": {
        "owner": "edolstra",
        "repo": "flake-compat",
        "type": "github"
      }
    },
    "flake-parts": {
      "inputs": {
        "nixpkgs-lib": [
          "llm-agents",
          "nixpkgs"
        ]
      },
      "locked": {
        "lastModified": 1790898470,
        "narHash": "sha256-zTwuwezD0w3hpga6a6P8emidzAZFyWqlNeRBlpWOOl8=",
        "owner": "hercules-ci",
        "repo": "flake-parts",
        "rev": "024633cd702b10285db5cb19b40ad48d2399ba60",
        "type": "github"
      },
      "original": {
        "owner": "hercules-ci",
        "repo": "flake-parts",
        "type": "github"
      }
    },
    "flake-parts_2": {
      "inputs": {
        "nixpkgs-lib": "nixpkgs-lib"
      },
      "locked": {
        "lastModified": 1788450739,
        "narHash": "sha256-glZLQlzIn1fXH6PazR2iUmTo7kzzyYSshrWhLS9TqCU=",
        "owner": "hercules-ci",
        "repo": "flake-parts",
        "rev": "31729ca8cbdb4fa927b34e5f4353e6a83f39e993",
        "type": "github"
      },
      "original": {
        "owner": "hercules-ci",
        "repo": "flake-parts",
        "type": "github"
      }
    },
    "flake-parts_3": {
      "inputs": {
        "nixpkgs-lib": "nixpkgs-lib_2"
      },
      "locked": {
        "lastModified": 1772408722,
        "narHash": "sha256-rHuJtdcOjK7rAHpHphUb1iCvgkU3GpfvicLMwwnfMT0=",
        "owner": "hercules-ci",
        "repo": "flake-parts",
        "rev": "f20dc5d9b8027381c474144ecabc9034d6a839a3",
        "type": "github"
      },
      "original": {
        "owner": "hercules-ci",
        "repo": "flake-parts",
        "type": "github"
      }
    },
    "flake-utils": {
      "inputs": {
        "systems": "systems_4"
      },
      "locked": {
        "lastModified": 1731533236,
        "narHash": "sha256-l0KFg5HjrsfsO/JpG+r7fRrqm12kzFHyUHqHCVpMMbI=",
        "owner": "numtide",
        "repo": "flake-utils",
        "rev": "11707dc2f618dd54ca8739b309ec4fc024de578b",
        "type": "github"
      },
      "original": {
        "owner": "numtide",
        "repo": "flake-utils",
        "type": "github"
      }
    },
    "frametop": {
      "inputs": {
        "frametop": "frametop_2",
        "nixpkgs": [
          "nixpkgs"
        ]
      },
      "locked": {
        "lastModified": 1791127986,
        "narHash": "sha256-TGO8BujC/pmkNBHe+xltI9rW1wtYsFiu7ewrY2p608o=",
        "owner": "JRMurr",
        "repo": "frametop-nix",
        "rev": "22c8fc448fc6b45580236326873493e55d267abb",
        "type": "github"
      },
      "original": {
        "owner": "JRMurr",
        "repo": "frametop-nix",
        "type": "github"
      }
    },
    "frametop_2": {
      "flake": false,
      "locked": {
        "lastModified": 1790997169,
        "narHash": "sha256-4W59pN5YeDJgRd2mXtHFKyGRusANZk7ZVb4cHej2S1c=",
        "owner": "DeeJanuz",
        "repo": "frametop",
        "rev": "1ebf3692fbda7f34e413339e6ec86dc829b8a80a",
        "type": "github"
      },
      "original": {
        "owner": "DeeJanuz",
        "repo": "frametop",
        "type": "github"
      }
    },
    "ghostty": {
      "inputs": {
        "flake-compat": "flake-compat_2",
        "home-manager": "home-manager",
        "nixpkgs": "nixpkgs_3",
        "systems": "systems",
        "zig": "zig",
        "zon2nix": "zon2nix"
      },
      "locked": {
        "lastModified": 1791076180,
        "narHash": "sha256-V0Pivg9BUYuoDmX9MLQ8ucfiZmvw1WBI8WvKZFoMUlo=",
        "owner": "ghostty-org",
        "repo": "ghostty",
        "rev": "f96c9711b9f72ecf75e0fd50f3434529b4dea5b6",
        "type": "github"
      },
      "original": {
        "owner": "ghostty-org",
        "repo": "ghostty",
        "type": "github"
      }
    },
    "hegel-skill": {
      "flake": false,
      "locked": {
        "lastModified": 1789653246,
        "narHash": "sha256-VUzxr6fKQ4Ru4dNeyahGOnr116Iwo4ABqxXTS5d+WI4=",
        "owner": "hegeldev",
        "repo": "hegel-skill",
        "rev": "a60b28243199b24aeebb2c90aece34082ee4997c",
        "type": "github"
      },
      "original": {
        "owner": "hegeldev",
        "repo": "hegel-skill",
        "type": "github"
      }
    },
    "home-manager": {
      "inputs": {
        "nixpkgs": [
          "ghostty",
          "nixpkgs"
        ]
      },
      "locked": {
        "lastModified": 1787661347,
        "narHash": "sha256-THmnBAdAIV+jT348f3r/vyoeb6ilhcVLwVXkBU7Pai8=",
        "owner": "nix-community",
        "repo": "home-manager",
        "rev": "52c3a5881c821ad7367bbde075e52b76cdb378ab",
        "type": "github"
      },
      "original": {
        "owner": "nix-community",
        "repo": "home-manager",
        "type": "github"
      }
    },
    "home-manager_2": {
      "inputs": {
        "nixpkgs": [
          "nixpkgs"
        ]
      },
      "locked": {
        "lastModified": 1790989254,
        "narHash": "sha256-ZN+riaeFuE+DZ5zfqJiXlM12jLwZzeIXiNkU1YeHMXI=",
        "owner": "nix-community",
        "repo": "home-manager",
        "rev": "acd21c5a3420a9d5fd0ed06299b10828267ef9ba",
        "type": "github"
      },
      "original": {
        "owner": "nix-community",
        "repo": "home-manager",
        "type": "github"
      }
    },
    "home-manager_3": {
      "inputs": {
        "nixpkgs": [
          "steamos-etc",
          "nixpkgs"
        ]
      },
      "locked": {
        "lastModified": 1791123389,
        "narHash": "sha256-4ln1QbTLlSC6Wo0Jus/YZuueOBBNhTSa9KMSnco+j8M=",
        "owner": "nix-community",
        "repo": "home-manager",
        "rev": "8cfa9c9514e86f3b88856958b4692e7312b96598",
        "type": "github"
      },
      "original": {
        "owner": "nix-community",
        "repo": "home-manager",
        "type": "github"
      }
    },
    "home-manager_4": {
      "inputs": {
        "nixpkgs": [
          "tix",
          "nixpkgs"
        ]
      },
      "locked": {
        "lastModified": 1775143651,
        "narHash": "sha256-S0RqAyDPMTcv9vASMaE8eY1QexFysAOdnxUxFHIPOyE=",
        "owner": "nix-community",
        "repo": "home-manager",
        "rev": "d166a078541982a76f14d3e06e9665fa5c9ed85e",
        "type": "github"
      },
      "original": {
        "owner": "nix-community",
        "repo": "home-manager",
        "type": "github"
      }
    },
    "i-have-adhd-skill": {
      "flake": false,
      "locked": {
        "lastModified": 1789836285,
        "narHash": "sha256-UExi0k71MOtLwqVaFRGhgvqq6+jxwbQxZZVZxceHGrw=",
        "owner": "ayghri",
        "repo": "i-have-adhd",
        "rev": "839872f9d1cd634fed642b4589ce7226199cc15f",
        "type": "github"
      },
      "original": {
        "owner": "ayghri",
        "repo": "i-have-adhd",
        "type": "github"
      }
    },
    "jj-stamp": {
      "inputs": {
        "nixpkgs": [
          "nixpkgs"
        ],
        "nixpkgs-intel-darwin": "nixpkgs-intel-darwin"
      },
      "locked": {
        "lastModified": 1790986032,
        "narHash": "sha256-frUNxPMhwI4lOquCJQz5uyg21joJQsqL2RzmWyHwZlc=",
        "owner": "ethanal",
        "repo": "jj-stamp",
        "rev": "a45b72080d2a308a4f46b7ccdec169518eb76648",
        "type": "github"
      },
      "original": {
        "owner": "ethanal",
        "repo": "jj-stamp",
        "type": "github"
      }
    },
    "lanzaboote": {
      "inputs": {
        "crane": "crane",
        "nixpkgs": [
          "nixpkgs"
        ],
        "pre-commit": "pre-commit",
        "rust-overlay": "rust-overlay"
      },
      "locked": {
        "lastModified": 1790853984,
        "narHash": "sha256-v5+DBEGnMC6phAf+/Rt7EtxjIDzy+NMKdHJIFJGh5qc=",
        "owner": "nix-community",
        "repo": "lanzaboote",
        "rev": "ba33415d747d8dedd2931af107521634f1f2e8a8",
        "type": "github"
      },
      "original": {
        "owner": "nix-community",
        "repo": "lanzaboote",
        "type": "github"
      }
    },
    "llm-agents": {
      "inputs": {
        "bun2nix": "bun2nix",
        "flake-parts": "flake-parts",
        "nixpkgs": "nixpkgs_4",
        "systems": "systems_2",
        "treefmt-nix": "treefmt-nix"
      },
      "locked": {
        "lastModified": 1791072324,
        "narHash": "sha256-hm+VeaOyLQLe37IvSADW4IKIxTvm9W/nZDd+S7flKzU=",
        "owner": "numtide",
        "repo": "llm-agents.nix",
        "rev": "4e0a04f23b1113a125efb0246f57752674ade3d9",
        "type": "github"
      },
      "original": {
        "owner": "numtide",
        "repo": "llm-agents.nix",
        "type": "github"
      }
    },
    "mk-naked-shell": {
      "flake": false,
      "locked": {
        "lastModified": 1681286841,
        "narHash": "sha256-3XlJrwlR0nBiREnuogoa5i1b4+w/XPe0z8bbrJASw0g=",
        "owner": "yusdacra",
        "repo": "mk-naked-shell",
        "rev": "7612f828dd6f22b7fb332cc69440e839d7ffe6bd",
        "type": "github"
      },
      "original": {
        "owner": "yusdacra",
        "repo": "mk-naked-shell",
        "type": "github"
      }
    },
    "nci": {
      "inputs": {
        "crane": "crane_2",
        "dream2nix": "dream2nix",
        "mk-naked-shell": "mk-naked-shell",
        "nixpkgs": [
          "nix-inspect",
          "nixpkgs"
        ],
        "parts": "parts",
        "rust-overlay": "rust-overlay_2",
        "treefmt": "treefmt"
      },
      "locked": {
        "lastModified": 1732342495,
        "narHash": "sha256-7qfvmnJQByEtl5bS+rTydLCe3Saz9kMRaJxPCdqb1wQ=",
        "owner": "yusdacra",
        "repo": "nix-cargo-integration",
        "rev": "ae9de2d06519a3bb26b649e1c0d1cfa22c20dc0e",
        "type": "github"
      },
      "original": {
        "owner": "yusdacra",
        "repo": "nix-cargo-integration",
        "type": "github"
      }
    },
    "nil": {
      "inputs": {
        "nixpkgs": "nixpkgs_5"
      },
      "locked": {
        "lastModified": 1785028902,
        "narHash": "sha256-F+MFs5cJbqcrlu/6BzQhNwF7Ih26yG9Yg9p4xyDz5eY=",
        "owner": "oxalica",
        "repo": "nil",
        "rev": "205c8ba65a7f956d7837a710794001b3515c65ff",
        "type": "github"
      },
      "original": {
        "owner": "oxalica",
        "repo": "nil",
        "type": "github"
      }
    },
    "nix-inspect": {
      "inputs": {
        "nci": "nci",
        "nixpkgs": "nixpkgs_6",
        "parts": "parts_2"
      },
      "locked": {
        "lastModified": 1733357226,
        "narHash": "sha256-ArwdTtlIje7yOTblkZs4aQ1+HBtEwJKkfKOiA9tY8nA=",
        "owner": "bluskript",
        "repo": "nix-inspect",
        "rev": "2938c8e94acca6a7f1569f478cac6ddc4877558e",
        "type": "github"
      },
      "original": {
        "owner": "bluskript",
        "repo": "nix-inspect",
        "type": "github"
      }
    },
    "nix-vscode-extensions": {
      "inputs": {
        "nixpkgs": "nixpkgs_7"
      },
      "locked": {
        "lastModified": 1791002765,
        "narHash": "sha256-1ircS4kYXFY1Ucj0Xf1HZmiAeh+bpsppQNHzFEAF8vg=",
        "owner": "nix-community",
        "repo": "nix-vscode-extensions",
        "rev": "5e4fac52a3bcdb8a239b881011de061ba2036af7",
        "type": "github"
      },
      "original": {
        "owner": "nix-community",
        "repo": "nix-vscode-extensions",
        "type": "github"
      }
    },
    "nixd": {
      "inputs": {
        "flake-parts": "flake-parts_2",
        "nixpkgs": "nixpkgs_8",
        "treefmt-nix": "treefmt-nix_2"
      },
      "locked": {
        "lastModified": 1790992547,
        "narHash": "sha256-JSLA3D2UG4DGtMrRSWfS8532kRwXN+bc18xyg2xy01Q=",
        "owner": "nix-community",
        "repo": "nixd",
        "rev": "412ec36a96252087e3c4f412976846059e593c48",
        "type": "github"
      },
      "original": {
        "owner": "nix-community",
        "repo": "nixd",
        "type": "github"
      }
    },
    "nixos-hardware": {
      "inputs": {
        "nixpkgs": "nixpkgs_9"
      },
      "locked": {
        "lastModified": 1790948122,
        "narHash": "sha256-fDMYyzY1lI5b8RuCMrvoaIgTeRwNnTG4dNk1ucROlQE=",
        "owner": "NixOS",
        "repo": "nixos-hardware",
        "rev": "0953bb1a609df63013176e3463393f8df993d3ef",
        "type": "github"
      },
      "original": {
        "owner": "NixOS",
        "ref": "master",
        "repo": "nixos-hardware",
        "type": "github"
      }
    },
    "nixpkgs": {
      "locked": {
        "lastModified": 1790340521,
        "narHash": "sha256-cRrWlIjVRJ6BHDr9caUdXsZ3owzWIKYHpNmGPHBInIU=",
        "owner": "NixOS",
        "repo": "nixpkgs",
        "rev": "f5c082a40f7571c266e74e80ae2e68aadd8a9fc7",
        "type": "github"
      },
      "original": {
        "owner": "NixOS",
        "ref": "nixos-26.05",
        "repo": "nixpkgs",
        "type": "github"
      }
    },
    "nixpkgs-intel-darwin": {
      "locked": {
        "lastModified": 1789485310,
        "narHash": "sha256-VsDMTLSkAAJmbNha6sGNzlF33X7RESWLl3SnjDQu+4U=",
        "owner": "NixOS",
        "repo": "nixpkgs",
        "rev": "0c32f40fe3e2a9adfc427fd5abc061a31043ea44",
        "type": "github"
      },
      "original": {
        "owner": "NixOS",
        "ref": "nixpkgs-26.05-darwin",
        "repo": "nixpkgs",
        "type": "github"
      }
    },
    "nixpkgs-lib": {
      "locked": {
        "lastModified": 1788057806,
        "narHash": "sha256-DTQSMxzDWmT0zhguthvegnVkn7CFqGCv4IHCzk5ZUpM=",
        "owner": "nix-community",
        "repo": "nixpkgs.lib",
        "rev": "596e2e3940e09b2abbeb03f75fa1828c57fcd72c",
        "type": "github"
      },
      "original": {
        "owner": "nix-community",
        "repo": "nixpkgs.lib",
        "type": "github"
      }
    },
    "nixpkgs-lib_2": {
      "locked": {
        "lastModified": 1772328832,
        "narHash": "sha256-e+/T/pmEkLP6BHhYjx6GmwP5ivonQQn0bJdH9YrRB+Q=",
        "owner": "nix-community",
        "repo": "nixpkgs.lib",
        "rev": "c185c7a5e5dd8f9add5b2f8ebeff00888b070742",
        "type": "github"
      },
      "original": {
        "owner": "nix-community",
        "repo": "nixpkgs.lib",
        "type": "github"
      }
    },
    "nixpkgs_10": {
      "locked": {
        "lastModified": 1790822859,
        "narHash": "sha256-69xHQhAeMAD2wDXO7T2pcOZIF9Sga2W+JkmY2a11Ops=",
        "owner": "NixOS",
        "repo": "nixpkgs",
        "rev": "c59305bab2065cfecc4944690d9eedbb56f3a9fa",
        "type": "github"
      },
      "original": {
        "owner": "NixOS",
        "ref": "nixos-unstable",
        "repo": "nixpkgs",
        "type": "github"
      }
    },
    "nixpkgs_11": {
      "locked": {
        "lastModified": 1790185690,
        "narHash": "sha256-xJ+X4hBtOcAFGBOe5nAMyMUeF9foJBmIOu3NjBqBycU=",
        "owner": "nixos",
        "repo": "nixpkgs",
        "rev": "4975466d324710c576dc11ad614684e6bd8cad8e",
        "type": "github"
      },
      "original": {
        "owner": "nixos",
        "ref": "nixos-unstable",
        "repo": "nixpkgs",
        "type": "github"
      }
    },
    "nixpkgs_12": {
      "locked": {
        "lastModified": 1790463110,
        "narHash": "sha256-VZHcT2wKLkApBCACQ2SH4P1jVZUbbOA7jWAGi1MIViw=",
        "rev": "e158d9ed9b51c98974c5e66e1ba1c9e0255fecaa",
        "type": "tarball",
        "url": "https://releases.nixos.org/nixos/unstable/nixos-26.11pre1080189.e158d9ed9b51/nixexprs.tar.xz"
      },
      "original": {
        "type": "tarball",
        "url": "https://channels.nixos.org/nixos-unstable/nixexprs.tar.xz"
      }
    },
    "nixpkgs_2": {
      "locked": {
        "lastModified": 1789044656,
        "narHash": "sha256-sDGcZgdRVR58ceKz0RmkBtdUomBvu5vzbf6Aw5rUCo0=",
        "rev": "1927682e0d808b4a695910f76562b11e2ddecab4",
        "type": "tarball",
        "url": "https://releases.nixos.org/nixpkgs/nixpkgs-26.11pre1070934.1927682e0d80/nixexprs.tar.xz"
      },
      "original": {
        "type": "tarball",
        "url": "https://channels.nixos.org/nixpkgs-unstable/nixexprs.tar.xz"
      }
    },
    "nixpkgs_3": {
      "locked": {
        "lastModified": 1787424095,
        "narHash": "sha256-SpMiSe9OSfWseGAupsdcED3He9mTYTbGMtWb7EVt6pE=",
        "rev": "174eb786fb68e3a13e4e535a3deea479a0c07a6a",
        "type": "tarball",
        "url": "https://releases.nixos.org/nixpkgs/nixpkgs-26.11pre1059855.174eb786fb68/nixexprs.tar.zst"
      },
      "original": {
        "type": "tarball",
        "url": "https://channels.nixos.org/nixpkgs-unstable/nixexprs.tar.zst"
      }
    },
    "nixpkgs_4": {
      "locked": {
        "lastModified": 1790600678,
        "narHash": "sha256-6k3n7X2UsZ6tAlWTz99RimiZab+17tMUrw9sRUcELiA=",
        "owner": "NixOS",
        "repo": "nixpkgs",
        "rev": "f45c6f04c2f013f004bf94e284e95d72898d9393",
        "type": "github"
      },
      "original": {
        "owner": "NixOS",
        "ref": "nixpkgs-unstable",
        "repo": "nixpkgs",
        "type": "github"
      }
    },
    "nixpkgs_5": {
      "locked": {
        "lastModified": 1784555310,
        "narHash": "sha256-/FCliTPgiuV1owejZFNx3Ch9irdvkOfOFl+HHZ+DrtM=",
        "owner": "NixOS",
        "repo": "nixpkgs",
        "rev": "421eebfd0ec7bccd4abe826ce62d7e6e83129493",
        "type": "github"
      },
      "original": {
        "owner": "NixOS",
        "ref": "nixpkgs-unstable",
        "repo": "nixpkgs",
        "type": "github"
      }
    },
    "nixpkgs_6": {
      "locked": {
        "lastModified": 1732014248,
        "narHash": "sha256-y/MEyuJ5oBWrWAic/14LaIr/u5E0wRVzyYsouYY3W6w=",
        "owner": "nixos",
        "repo": "nixpkgs",
        "rev": "23e89b7da85c3640bbc2173fe04f4bd114342367",
        "type": "github"
      },
      "original": {
        "owner": "nixos",
        "ref": "nixos-unstable",
        "repo": "nixpkgs",
        "type": "github"
      }
    },
    "nixpkgs_7": {
      "locked": {
        "lastModified": 1784564315,
        "narHash": "sha256-7OpsHHIZFUBLbeHNQ0oC40DZRQjsmGWodXge+OqgPgk=",
        "owner": "nixos",
        "repo": "nixpkgs",
        "rev": "0c2094806c9e542f31785ef3569ab9e900e3ce9c",
        "type": "github"
      },
      "original": {
        "owner": "nixos",
        "repo": "nixpkgs",
        "rev": "0c2094806c9e542f31785ef3569ab9e900e3ce9c",
        "type": "github"
      }
    },
    "nixpkgs_8": {
      "locked": {
        "lastModified": 1789785513,
        "narHash": "sha256-BMbikTjbh5H7ac/OjwGoJrlooh4dgNqhs51ABM83M7g=",
        "rev": "20b1ddd1aa5ace70c9468305030aa4f9ef79671b",
        "type": "tarball",
        "url": "https://releases.nixos.org/nixos/unstable/nixos-26.11pre1076192.20b1ddd1aa5a/nixexprs.tar.xz"
      },
      "original": {
        "type": "tarball",
        "url": "https://channels.nixos.org/nixos-unstable/nixexprs.tar.xz"
      }
    },
    "nixpkgs_9": {
      "locked": {
        "lastModified": 1789546076,
        "narHash": "sha256-vWkSk5bbfTqdtMoSgD9FshACO8JCvXTFi+3cqEp0mH0=",
        "rev": "b1b875982b17dabde9b4a37f3e229e74913e6db3",
        "type": "tarball",
        "url": "https://releases.nixos.org/nixos/unstable/nixos-26.11pre1074753.b1b875982b17/nixexprs.tar.xz"
      },
      "original": {
        "type": "tarball",
        "url": "https://channels.nixos.org/nixos-unstable/nixexprs.tar.xz"
      }
    },
    "noctalia": {
      "inputs": {
        "nixpkgs": [
          "nixpkgs"
        ]
      },
      "locked": {
        "lastModified": 1791048152,
        "narHash": "sha256-R+cq28uDVDRY//7BjWXh/oKGv+yIrDsuFJJX9H41yEo=",
        "owner": "noctalia-dev",
        "repo": "noctalia-shell",
        "rev": "e639a87e811ad3268c73f6d5e77669c94184ba15",
        "type": "github"
      },
      "original": {
        "owner": "noctalia-dev",
        "repo": "noctalia-shell",
        "type": "github"
      }
    },
    "nurl": {
      "inputs": {
        "nixpkgs": "nixpkgs_11"
      },
      "locked": {
        "lastModified": 1791035218,
        "narHash": "sha256-vLbhjzYwM5US39rQ0TRbKMdtZj3Rb3JFR60xRYPGLB4=",
        "owner": "nix-community",
        "repo": "nurl",
        "rev": "49281ce6c8ee61b089e4ae5ba80c7988a29e269e",
        "type": "github"
      },
      "original": {
        "owner": "nix-community",
        "repo": "nurl",
        "type": "github"
      }
    },
    "parts": {
      "inputs": {
        "nixpkgs-lib": [
          "nix-inspect",
          "nci",
          "nixpkgs"
        ]
      },
      "locked": {
        "lastModified": 1730504689,
        "narHash": "sha256-hgmguH29K2fvs9szpq2r3pz2/8cJd2LPS+b4tfNFCwE=",
        "owner": "hercules-ci",
        "repo": "flake-parts",
        "rev": "506278e768c2a08bec68eb62932193e341f55c90",
        "type": "github"
      },
      "original": {
        "owner": "hercules-ci",
        "repo": "flake-parts",
        "type": "github"
      }
    },
    "parts_2": {
      "inputs": {
        "nixpkgs-lib": [
          "nix-inspect",
          "nixpkgs"
        ]
      },
      "locked": {
        "lastModified": 1730504689,
        "narHash": "sha256-hgmguH29K2fvs9szpq2r3pz2/8cJd2LPS+b4tfNFCwE=",
        "owner": "hercules-ci",
        "repo": "flake-parts",
        "rev": "506278e768c2a08bec68eb62932193e341f55c90",
        "type": "github"
      },
      "original": {
        "owner": "hercules-ci",
        "repo": "flake-parts",
        "type": "github"
      }
    },
    "pre-commit": {
      "inputs": {
        "flake-compat": "flake-compat_3",
        "nixpkgs": [
          "lanzaboote",
          "nixpkgs"
        ]
      },
      "locked": {
        "lastModified": 1790500375,
        "narHash": "sha256-XN3sDtn8TU9hAc9xqZ+SqRB/HHm2wjxM6aSWYLJU+oo=",
        "owner": "cachix",
        "repo": "git-hooks.nix",
        "rev": "a0e4241b51206fbcbf52fd322eb5f0cd80f153c4",
        "type": "github"
      },
      "original": {
        "owner": "cachix",
        "repo": "git-hooks.nix",
        "type": "github"
      }
    },
    "purescript-overlay": {
      "inputs": {
        "flake-compat": "flake-compat_4",
        "nixpkgs": [
          "nix-inspect",
          "nci",
          "dream2nix",
          "nixpkgs"
        ],
        "slimlock": "slimlock"
      },
      "locked": {
        "lastModified": 1728546539,
        "narHash": "sha256-Sws7w0tlnjD+Bjck1nv29NjC5DbL6nH5auL9Ex9Iz2A=",
        "owner": "thomashoneyman",
        "repo": "purescript-overlay",
        "rev": "4ad4c15d07bd899d7346b331f377606631eb0ee4",
        "type": "github"
      },
      "original": {
        "owner": "thomashoneyman",
        "repo": "purescript-overlay",
        "type": "github"
      }
    },
    "pyproject-nix": {
      "flake": false,
      "locked": {
        "lastModified": 1702448246,
        "narHash": "sha256-hFg5s/hoJFv7tDpiGvEvXP0UfFvFEDgTdyHIjDVHu1I=",
        "owner": "davhau",
        "repo": "pyproject.nix",
        "rev": "5a06a2697b228c04dd2f35659b4b659ca74f7aeb",
        "type": "github"
      },
      "original": {
        "owner": "davhau",
        "ref": "dream2nix",
        "repo": "pyproject.nix",
        "type": "github"
      }
    },
    "root": {
      "inputs": {
        "agenix": "agenix",
        "catppuccin": "catppuccin",
        "flake-compat": "flake-compat",
        "frametop": "frametop",
        "ghostty": "ghostty",
        "hegel-skill": "hegel-skill",
        "home-manager": "home-manager_2",
        "i-have-adhd-skill": "i-have-adhd-skill",
        "jj-stamp": "jj-stamp",
        "lanzaboote": "lanzaboote",
        "llm-agents": "llm-agents",
        "nil": "nil",
        "nix-inspect": "nix-inspect",
        "nix-vscode-extensions": "nix-vscode-extensions",
        "nixd": "nixd",
        "nixos-hardware": "nixos-hardware",
        "nixpkgs": "nixpkgs_10",
        "noctalia": "noctalia",
        "nurl": "nurl",
        "secrets": "secrets",
        "spicetify-nix": "spicetify-nix",
        "steamos-etc": "steamos-etc",
        "tix": "tix",
        "utils": "utils",
        "vscode-server": "vscode-server",
        "wsl": "wsl"
      }
    },
    "rust-overlay": {
      "inputs": {
        "nixpkgs": [
          "lanzaboote",
          "nixpkgs"
        ]
      },
      "locked": {
        "lastModified": 1790495762,
        "narHash": "sha256-26FbceKgybcbwkIvs2yHsF5jHcWLEkITYg5g9WPSy64=",
        "owner": "oxalica",
        "repo": "rust-overlay",
        "rev": "edea2d6f98b1e5f64ce5ac21e19a96c603c20b8c",
        "type": "github"
      },
      "original": {
        "owner": "oxalica",
        "repo": "rust-overlay",
        "type": "github"
      }
    },
    "rust-overlay_2": {
      "inputs": {
        "nixpkgs": [
          "nix-inspect",
          "nci",
          "nixpkgs"
        ]
      },
      "locked": {
        "lastModified": 1732328983,
        "narHash": "sha256-RHt12f/slrzDpSL7SSkydh8wUE4Nr4r23HlpWywed9E=",
        "owner": "oxalica",
        "repo": "rust-overlay",
        "rev": "ed8aa5b64f7d36d9338eb1d0a3bb60cf52069a72",
        "type": "github"
      },
      "original": {
        "owner": "oxalica",
        "repo": "rust-overlay",
        "type": "github"
      }
    },
    "rust-overlay_3": {
      "inputs": {
        "nixpkgs": [
          "tix",
          "nixpkgs"
        ]
      },
      "locked": {
        "lastModified": 1787993548,
        "narHash": "sha256-+IAEnmmx5YIhUWo0lp15jLLHchnXo5yKgWsi6C6Cf+0=",
        "owner": "oxalica",
        "repo": "rust-overlay",
        "rev": "996e9b0b019a4a9eb9e9a5641aefa06d801b5895",
        "type": "github"
      },
      "original": {
        "owner": "oxalica",
        "repo": "rust-overlay",
        "type": "github"
      }
    },
    "secrets": {
      "inputs": {
        "agenix": [
          "agenix"
        ],
        "flake-utils": [
          "utils"
        ],
        "nixpkgs": [
          "nixpkgs"
        ]
      },
      "locked": {
        "lastModified": 1788924602,
        "narHash": "sha256-Af8rPWFHpssV6pTnM616MW6GlJLumcChvx6hcajkUwc=",
        "ref": "refs/heads/main",
        "rev": "81eda3e18b4325d506482ed97cc56864f9f26744",
        "revCount": 32,
        "type": "git",
        "url": "ssh://git@github.com/JRMurr/nix-secrets"
      },
      "original": {
        "type": "git",
        "url": "ssh://git@github.com/JRMurr/nix-secrets"
      }
    },
    "slimlock": {
      "inputs": {
        "nixpkgs": [
          "nix-inspect",
          "nci",
          "dream2nix",
          "purescript-overlay",
          "nixpkgs"
        ]
      },
      "locked": {
        "lastModified": 1688756706,
        "narHash": "sha256-xzkkMv3neJJJ89zo3o2ojp7nFeaZc2G0fYwNXNJRFlo=",
        "owner": "thomashoneyman",
        "repo": "slimlock",
        "rev": "cf72723f59e2340d24881fd7bf61cb113b4c407c",
        "type": "github"
      },
      "original": {
        "owner": "thomashoneyman",
        "repo": "slimlock",
        "type": "github"
      }
    },
    "spicetify-nix": {
      "inputs": {
        "nixpkgs": "nixpkgs_12",
        "systems": "systems_3"
      },
      "locked": {
        "lastModified": 1790502898,
        "narHash": "sha256-eR6P8ZCyYqrdvuOANIOE78t4qqm6wSTBKLP/aW8nwJE=",
        "owner": "Gerg-L",
        "repo": "spicetify-nix",
        "rev": "d508ccfa23820d032589bd65345bf5b6d9ea842f",
        "type": "github"
      },
      "original": {
        "owner": "Gerg-L",
        "repo": "spicetify-nix",
        "type": "github"
      }
    },
    "steamos-etc": {
      "inputs": {
        "home-manager": "home-manager_3",
        "nixpkgs": [
          "nixpkgs"
        ]
      },
      "locked": {
        "lastModified": 1791163049,
        "narHash": "sha256-9DnuR4drcQl1YAbehA2IYvskR/tzp1s0HTwoqqESwDE=",
        "owner": "JRMurr",
        "repo": "steamos-etc-nix",
        "rev": "9d7ddb9f4833973a77bea2952d65b2fb8d8739fa",
        "type": "github"
      },
      "original": {
        "owner": "JRMurr",
        "repo": "steamos-etc-nix",
        "type": "github"
      }
    },
    "systems": {
      "flake": false,
      "locked": {
        "lastModified": 1681028828,
        "narHash": "sha256-Vy1rq5AaRuLzOxct8nz4T6wlgyUR7zLU309k9mBC768=",
        "owner": "nix-systems",
        "repo": "default",
        "rev": "da67096a3b9bf56a91d16901293e51ba5b49a27e",
        "type": "github"
      },
      "original": {
        "owner": "nix-systems",
        "repo": "default",
        "type": "github"
      }
    },
    "systems_2": {
      "locked": {
        "lastModified": 1681028828,
        "narHash": "sha256-Vy1rq5AaRuLzOxct8nz4T6wlgyUR7zLU309k9mBC768=",
        "owner": "nix-systems",
        "repo": "default",
        "rev": "da67096a3b9bf56a91d16901293e51ba5b49a27e",
        "type": "github"
      },
      "original": {
        "owner": "nix-systems",
        "repo": "default",
        "type": "github"
      }
    },
    "systems_3": {
      "locked": {
        "lastModified": 1681028828,
        "narHash": "sha256-Vy1rq5AaRuLzOxct8nz4T6wlgyUR7zLU309k9mBC768=",
        "owner": "nix-systems",
        "repo": "default",
        "rev": "da67096a3b9bf56a91d16901293e51ba5b49a27e",
        "type": "github"
      },
      "original": {
        "owner": "nix-systems",
        "repo": "default",
        "type": "github"
      }
    },
    "systems_4": {
      "locked": {
        "lastModified": 1681028828,
        "narHash": "sha256-Vy1rq5AaRuLzOxct8nz4T6wlgyUR7zLU309k9mBC768=",
        "owner": "nix-systems",
        "repo": "default",
        "rev": "da67096a3b9bf56a91d16901293e51ba5b49a27e",
        "type": "github"
      },
      "original": {
        "owner": "nix-systems",
        "repo": "default",
        "type": "github"
      }
    },
    "systems_5": {
      "locked": {
        "lastModified": 1681028828,
        "narHash": "sha256-Vy1rq5AaRuLzOxct8nz4T6wlgyUR7zLU309k9mBC768=",
        "owner": "nix-systems",
        "repo": "default",
        "rev": "da67096a3b9bf56a91d16901293e51ba5b49a27e",
        "type": "github"
      },
      "original": {
        "owner": "nix-systems",
        "repo": "default",
        "type": "github"
      }
    },
    "tix": {
      "inputs": {
        "crane": "crane_3",
        "flake-compat": "flake-compat_5",
        "flake-utils": "flake-utils",
        "home-manager": "home-manager_4",
        "nixpkgs": [
          "nixpkgs"
        ],
        "rust-overlay": "rust-overlay_3"
      },
      "locked": {
        "lastModified": 1788147493,
        "narHash": "sha256-nwIuN26+odykj9fFDU/eadeZckzzZt6iCHF2mcmPp9E=",
        "owner": "JRMurr",
        "repo": "tix",
        "rev": "ccb804fa81e457e3ab4b528a6c7a7cded6addd42",
        "type": "github"
      },
      "original": {
        "owner": "JRMurr",
        "repo": "tix",
        "type": "github"
      }
    },
    "treefmt": {
      "inputs": {
        "nixpkgs": [
          "nix-inspect",
          "nci",
          "nixpkgs"
        ]
      },
      "locked": {
        "lastModified": 1732292307,
        "narHash": "sha256-5WSng844vXt8uytT5djmqBCkopyle6ciFgteuA9bJpw=",
        "owner": "numtide",
        "repo": "treefmt-nix",
        "rev": "705df92694af7093dfbb27109ce16d828a79155f",
        "type": "github"
      },
      "original": {
        "owner": "numtide",
        "repo": "treefmt-nix",
        "type": "github"
      }
    },
    "treefmt-nix": {
      "inputs": {
        "nixpkgs": [
          "llm-agents",
          "nixpkgs"
        ]
      },
      "locked": {
        "lastModified": 1786901030,
        "narHash": "sha256-WSFCsDSE5ffgD2MqzkM2CYjeFiKhRF/dJUN8uedb6YE=",
        "owner": "numtide",
        "repo": "treefmt-nix",
        "rev": "27b3b12a8e6375f28ebe122f07d230ca5459bbfa",
        "type": "github"
      },
      "original": {
        "owner": "numtide",
        "repo": "treefmt-nix",
        "type": "github"
      }
    },
    "treefmt-nix_2": {
      "inputs": {
        "nixpkgs": [
          "nixd",
          "nixpkgs"
        ]
      },
      "locked": {
        "lastModified": 1786901030,
        "narHash": "sha256-WSFCsDSE5ffgD2MqzkM2CYjeFiKhRF/dJUN8uedb6YE=",
        "owner": "numtide",
        "repo": "treefmt-nix",
        "rev": "27b3b12a8e6375f28ebe122f07d230ca5459bbfa",
        "type": "github"
      },
      "original": {
        "owner": "numtide",
        "repo": "treefmt-nix",
        "type": "github"
      }
    },
    "utils": {
      "inputs": {
        "systems": "systems_5"
      },
      "locked": {
        "lastModified": 1731533236,
        "narHash": "sha256-l0KFg5HjrsfsO/JpG+r7fRrqm12kzFHyUHqHCVpMMbI=",
        "owner": "numtide",
        "repo": "flake-utils",
        "rev": "11707dc2f618dd54ca8739b309ec4fc024de578b",
        "type": "github"
      },
      "original": {
        "owner": "numtide",
        "repo": "flake-utils",
        "type": "github"
      }
    },
    "vscode-server": {
      "inputs": {
        "flake-parts": "flake-parts_3"
      },
      "locked": {
        "lastModified": 1784312229,
        "narHash": "sha256-2uHCSUw341o3my1R0U0YCfbnMEazylxb58evWsjGL50=",
        "owner": "msteen",
        "repo": "nixos-vscode-server",
        "rev": "2f984dfbe7e5271b5c413d3e734374cc1306c921",
        "type": "github"
      },
      "original": {
        "owner": "msteen",
        "repo": "nixos-vscode-server",
        "type": "github"
      }
    },
    "wsl": {
      "inputs": {
        "flake-compat": "flake-compat_6",
        "nixpkgs": [
          "nixpkgs"
        ]
      },
      "locked": {
        "lastModified": 1789164534,
        "narHash": "sha256-DoYGPM6QpnYBLWj9gGw6ZwAzIX+HrAVov1BoT+8Jixo=",
        "owner": "nix-community",
        "repo": "NixOS-WSL",
        "rev": "72c92b11bb8289e6651c7fef29cc0a885fd6a255",
        "type": "github"
      },
      "original": {
        "owner": "nix-community",
        "repo": "NixOS-WSL",
        "type": "github"
      }
    },
    "zig": {
      "inputs": {
        "flake-compat": [
          "ghostty",
          "flake-compat"
        ],
        "nixpkgs": [
          "ghostty",
          "nixpkgs"
        ],
        "systems": [
          "ghostty",
          "systems"
        ]
      },
      "locked": {
        "lastModified": 1787617283,
        "narHash": "sha256-jiM1glpDL5ASrqvcWyacI+c1wZo3g6AUhdo6M09AoiY=",
        "owner": "mitchellh",
        "repo": "zig-overlay",
        "rev": "da55b9fe9260fb3eb1456c3ee6064b8f738e4ba9",
        "type": "github"
      },
      "original": {
        "owner": "mitchellh",
        "repo": "zig-overlay",
        "type": "github"
      }
    },
    "zon2nix": {
      "inputs": {
        "nixpkgs": [
          "ghostty",
          "nixpkgs"
        ]
      },
      "locked": {
        "lastModified": 1790583033,
        "narHash": "sha256-Eo3hR521Yc2Gsqw7m/aqd5sn3/qi0XoSpJBIPPIYKkg=",
        "owner": "jcollie",
        "repo": "zon2nix",
        "rev": "8e91c0d44aa49d0ac415f7e3046662e9aa754335",
        "type": "github"
      },
      "original": {
        "owner": "jcollie",
        "ref": "v0.9.0",
        "repo": "zon2nix",
        "type": "github"
      }
    }
  },
  "root": "root",
  "version": 7
}
